<?xml version="1.0" encoding="utf-8"?>
<Project ToolsVersion="4.0" xmlns="http://schemas.microsoft.com/developer/msbuild/2003">
  <ItemGroup>
    <Filter Include="Source Files">
      <UniqueIdentifier>{55f06255-12cb-4c7f-ad2f-74a1c5949785}</UniqueIdentifier>
    </Filter>
    <Filter Include="Header Files">
      <UniqueIdentifier>{e699e678-2bc4-4822-b882-9be8b5ec32cc}</UniqueIdentifier>
    </Filter>
    <Filter Include="Resource Files">
      <UniqueIdentifier>{9fd03cac-772d-418a-be91-34cfe8d30bcc}</UniqueIdentifier>
    </Filter>
  </ItemGroup>
  <ItemGroup>
    <ClCompile Include="AUTOOBJ.CPP">
      <Filter>Source Files</Filter>
    </ClCompile>
    <ClCompile Include="CLASSF.CPP">
      <Filter>Source Files</Filter>
    </ClCompile>
    <ClCompile Include="CTLEMBED.CPP">
      <Filter>Source Files</Filter>
    </ClCompile>
    <ClCompile Include="CTLHELP.CPP">
      <Filter>Source Files</Filter>
    </ClCompile>
    <ClCompile Include="CTLMISC.CPP">
      <Filter>Source Files</Filter>
    </ClCompile>
    <ClCompile Include="CTLOCX96.CPP">
      <Filter>Source Files</Filter>
    </ClCompile>
    <ClCompile Include="CTLPSST.CPP">
      <Filter>Source Files</Filter>
    </ClCompile>
    <ClCompile Include="CTLVIEW.CPP">
      <Filter>Source Files</Filter>
    </ClCompile>
    <ClCompile Include="CTLWRAP.CPP">
      <Filter>Source Files</Filter>
    </ClCompile>
    <ClCompile Include="DEBUG.CPP">
      <Filter>Source Files</Filter>
    </ClCompile>
    <ClCompile Include="EXTOBJ.CPP">
      <Filter>Source Files</Filter>
    </ClCompile>
    <ClCompile Include="GLOBALS.CPP">
      <Filter>Source Files</Filter>
    </ClCompile>
    <ClCompile Include="INTERNET.CPP">
      <Filter>Source Files</Filter>
    </ClCompile>
    <ClCompile Include="IPSERVER.CPP">
      <Filter>Source Files</Filter>
    </ClCompile>
    <ClCompile Include="PROPPAGE.CPP">
      <Filter>Source Files</Filter>
    </ClCompile>
    <ClCompile Include="STDENUM.CPP">
      <Filter>Source Files</Filter>
    </ClCompile>
    <ClCompile Include="UNKNOWN.CPP">
      <Filter>Source Files</Filter>
    </ClCompile>
    <ClCompile Include="UTIL.CPP">
      <Filter>Source Files</Filter>
    </ClCompile>
  </ItemGroup>
  <ItemGroup>
    <ClInclude Include="CLASSF.H">
      <Filter>Header Files</Filter>
    </ClInclude>
    <ClInclude Include="CTLHELP.H">
      <Filter>Header Files</Filter>
    </ClInclude>
    <ClInclude Include="DWINVERS.H">
      <Filter>Header Files</Filter>
    </ClInclude>
  </ItemGroup>
  <ItemGroup>
    <CustomBuild Include="MAKEFILE" />
  </ItemGroup>
  <ItemGroup>
    <None Include="ctlfwd32.bsc" />
  </ItemGroup>
</Project>