<?xml version="1.0" encoding="utf-8"?>
<Project ToolsVersion="4.0" xmlns="http://schemas.microsoft.com/developer/msbuild/2003">
  <ItemGroup>
    <Filter Include="Source Files">
      <UniqueIdentifier>{b01b8382-0b59-4d9e-be33-6f27b22f66a1}</UniqueIdentifier>
      <Extensions>cpp;c;cxx;rc;def;r;odl;idl;hpj;bat</Extensions>
    </Filter>
    <Filter Include="Header Files">
      <UniqueIdentifier>{f775344b-187e-40dc-a5f8-a8966553115f}</UniqueIdentifier>
      <Extensions>h;hpp;hxx;hm;inl</Extensions>
    </Filter>
    <Filter Include="Resource Files">
      <UniqueIdentifier>{d67099b1-5f8f-434e-94c7-fbfe0b4aad1e}</UniqueIdentifier>
      <Extensions>ico;cur;bmp;dlg;rc2;rct;bin;rgs;gif;jpg;jpeg;jpe</Extensions>
    </Filter>
  </ItemGroup>
  <ItemGroup>
    <ClCompile Include="AnnoPpg.cpp">
      <Filter>Source Files</Filter>
    </ClCompile>
    <ClCompile Include="ColourPicker.cpp">
      <Filter>Source Files</Filter>
    </ClCompile>
    <ClCompile Include="ColourPopup.cpp">
      <Filter>Source Files</Filter>
    </ClCompile>
    <ClCompile Include="CursorPpg.cpp">
      <Filter>Source Files</Filter>
    </ClCompile>
    <ClCompile Include="ElementPpg.cpp">
      <Filter>Source Files</Filter>
    </ClCompile>
    <ClCompile Include="FormatPpg.cpp">
      <Filter>Source Files</Filter>
    </ClCompile>
    <ClCompile Include="NTGraph.cpp">
      <Filter>Source Files</Filter>
    </ClCompile>
    <ClCompile Include="NTGraphCtl.cpp">
      <Filter>Source Files</Filter>
    </ClCompile>
    <ClCompile Include="NTGraphPpg.cpp">
      <Filter>Source Files</Filter>
    </ClCompile>
    <ClCompile Include="StdAfx.cpp">
      <Filter>Source Files</Filter>
    </ClCompile>
  </ItemGroup>
  <ItemGroup>
    <Midl Include="NTGraph.odl">
      <Filter>Source Files</Filter>
    </Midl>
  </ItemGroup>
  <ItemGroup>
    <ResourceCompile Include="NTGraph.rc">
      <Filter>Source Files</Filter>
    </ResourceCompile>
  </ItemGroup>
  <ItemGroup>
    <ClInclude Include="AnnoPpg.h">
      <Filter>Header Files</Filter>
    </ClInclude>
    <ClInclude Include="ColourPicker.h">
      <Filter>Header Files</Filter>
    </ClInclude>
    <ClInclude Include="ColourPopup.h">
      <Filter>Header Files</Filter>
    </ClInclude>
    <ClInclude Include="CursorPpg.h">
      <Filter>Header Files</Filter>
    </ClInclude>
    <ClInclude Include="ElementPpg.h">
      <Filter>Header Files</Filter>
    </ClInclude>
    <ClInclude Include="FormatPpg.h">
      <Filter>Header Files</Filter>
    </ClInclude>
    <ClInclude Include="NTGraph.h">
      <Filter>Header Files</Filter>
    </ClInclude>
    <ClInclude Include="NTGraphCtl.h">
      <Filter>Header Files</Filter>
    </ClInclude>
    <ClInclude Include="NTGraphPpg.h">
      <Filter>Header Files</Filter>
    </ClInclude>
    <ClInclude Include="StdAfx.h">
      <Filter>Header Files</Filter>
    </ClInclude>
  </ItemGroup>
  <ItemGroup>
    <Image Include="bitmap1.bmp">
      <Filter>Resource Files</Filter>
    </Image>
    <Image Include="bitmap2.bmp">
      <Filter>Resource Files</Filter>
    </Image>
    <Image Include="bitmap3.bmp">
      <Filter>Resource Files</Filter>
    </Image>
    <Image Include="bitmap4.bmp">
      <Filter>Resource Files</Filter>
    </Image>
    <Image Include="bitmap5.bmp">
      <Filter>Resource Files</Filter>
    </Image>
    <Image Include="bitmap_f.bmp">
      <Filter>Resource Files</Filter>
    </Image>
    <Image Include="bmp00001.bmp">
      <Filter>Resource Files</Filter>
    </Image>
    <Image Include="Hlp\Bullet.bmp">
      <Filter>Resource Files</Filter>
    </Image>
    <Image Include="Face.bmp">
      <Filter>Resource Files</Filter>
    </Image>
    <Image Include="Frame.bmp">
      <Filter>Resource Files</Filter>
    </Image>
    <Image Include="Margritte.bmp">
      <Filter>Resource Files</Filter>
    </Image>
    <Image Include="Margritte.ico">
      <Filter>Resource Files</Filter>
    </Image>
    <Image Include="NTGraph.ico">
      <Filter>Resource Files</Filter>
    </Image>
    <Image Include="NTGraphCtl.bmp">
      <Filter>Resource Files</Filter>
    </Image>
    <Image Include="Transp.bmp">
      <Filter>Resource Files</Filter>
    </Image>
  </ItemGroup>
  <ItemGroup>
    <Text Include="ReadMe.txt" />
  </ItemGroup>
  <ItemGroup>
    <CustomBuild Include="NTGraph.def">
      <Filter>Source Files</Filter>
    </CustomBuild>
    <CustomBuild Include="Resource.h">
      <Filter>Header Files</Filter>
    </CustomBuild>
    <CustomBuild Include="Hlp\NTGraph.rtf" />
    <CustomBuild Include="Test.dsm" />
  </ItemGroup>
  <ItemGroup>
    <Xml Include="NTGraph.hpj">
      <Filter>Source Files</Filter>
    </Xml>
  </ItemGroup>
</Project>