
Microsoft Visual Studio Solution File, Format Version 12.00
# Visual Studio 2013
VisualStudioVersion = 12.0.40629.0
MinimumVisualStudioVersion = 10.0.40219.1
Project("{8BC9CEB8-8B4A-11D0-8D11-00A0C91BC942}") = "NTGraph", "NTGraph.vcxproj", "{F6045CC2-0BC2-4739-BEFB-3F8AB5F69980}"
EndProject
Project("{8BC9CEB8-8B4A-11D0-8D11-00A0C91BC942}") = "Demo", "..\NTGraph_Demo\DlgDemo\Demo.vcxproj", "{F256FC5E-A62D-4D73-97AE-695E3E2AC966}"
EndProject
Global
	GlobalSection(SolutionConfigurationPlatforms) = preSolution
		Debug|Win32 = Debug|Win32
		Release|Win32 = Release|Win32
		Template|Win32 = Template|Win32
		Unicode Debug|Win32 = Unicode Debug|Win32
		Unicode Release|Win32 = Unicode Release|Win32
	EndGlobalSection
	GlobalSection(ProjectConfigurationPlatforms) = postSolution
		{F6045CC2-0BC2-4739-BEFB-3F8AB5F69980}.Debug|Win32.ActiveCfg = Debug|Win32
		{F6045CC2-0BC2-4739-BEFB-3F8AB5F69980}.Debug|Win32.Build.0 = Debug|Win32
		{F6045CC2-0BC2-4739-BEFB-3F8AB5F69980}.Release|Win32.ActiveCfg = Release|Win32
		{F6045CC2-0BC2-4739-BEFB-3F8AB5F69980}.Release|Win32.Build.0 = Release|Win32
		{F6045CC2-0BC2-4739-BEFB-3F8AB5F69980}.Template|Win32.ActiveCfg = Template|Win32
		{F6045CC2-0BC2-4739-BEFB-3F8AB5F69980}.Template|Win32.Build.0 = Template|Win32
		{F6045CC2-0BC2-4739-BEFB-3F8AB5F69980}.Unicode Debug|Win32.ActiveCfg = Unicode Debug|Win32
		{F6045CC2-0BC2-4739-BEFB-3F8AB5F69980}.Unicode Debug|Win32.Build.0 = Unicode Debug|Win32
		{F6045CC2-0BC2-4739-BEFB-3F8AB5F69980}.Unicode Release|Win32.ActiveCfg = Unicode Release|Win32
		{F6045CC2-0BC2-4739-BEFB-3F8AB5F69980}.Unicode Release|Win32.Build.0 = Unicode Release|Win32
		{F256FC5E-A62D-4D73-97AE-695E3E2AC966}.Debug|Win32.ActiveCfg = Debug|Win32
		{F256FC5E-A62D-4D73-97AE-695E3E2AC966}.Debug|Win32.Build.0 = Debug|Win32
		{F256FC5E-A62D-4D73-97AE-695E3E2AC966}.Release|Win32.ActiveCfg = Release|Win32
		{F256FC5E-A62D-4D73-97AE-695E3E2AC966}.Release|Win32.Build.0 = Release|Win32
		{F256FC5E-A62D-4D73-97AE-695E3E2AC966}.Template|Win32.ActiveCfg = Release|Win32
		{F256FC5E-A62D-4D73-97AE-695E3E2AC966}.Template|Win32.Build.0 = Release|Win32
		{F256FC5E-A62D-4D73-97AE-695E3E2AC966}.Unicode Debug|Win32.ActiveCfg = Debug|Win32
		{F256FC5E-A62D-4D73-97AE-695E3E2AC966}.Unicode Debug|Win32.Build.0 = Debug|Win32
		{F256FC5E-A62D-4D73-97AE-695E3E2AC966}.Unicode Release|Win32.ActiveCfg = Release|Win32
		{F256FC5E-A62D-4D73-97AE-695E3E2AC966}.Unicode Release|Win32.Build.0 = Release|Win32
	EndGlobalSection
	GlobalSection(SolutionProperties) = preSolution
		HideSolutionNode = FALSE
	EndGlobalSection
EndGlobal
